
Microsoft Visual Studio Solution File, Format Version 12.00
# Visual Studio Version 16
VisualStudioVersion = 16.0.29411.108
MinimumVisualStudioVersion = 10.0.40219.1
Project("{9A19103F-16F7-4668-BE54-9A1E7A4F7556}") = "TMG.Tasha2", "TMG.Tasha2\TMG.Tasha2.csproj", "{AC12FD08-798B-4EDD-B0A2-43B5F56460CD}"
EndProject
Project("{9A19103F-16F7-4668-BE54-9A1E7A4F7556}") = "TMG.Tasha2.Test", "TMG.Tasha2.Test\TMG.Tasha2.Test.csproj", "{A16C3E55-BCC8-4106-91A9-ADF476815865}"
EndProject
Project("{2150E333-8FDC-42A3-9474-1A3956D46DE8}") = "Dependencies", "Dependencies", "{FCEE33D4-4390-444A-9972-FAA78B9177C4}"
EndProject
Project("{9A19103F-16F7-4668-BE54-9A1E7A4F7556}") = "XTMF2", "TMG-Framework\XTMF2\src\XTMF2\XTMF2.csproj", "{CD4DD7EE-821C-4C9D-A5BF-26D98F3E044F}"
EndProject
Project("{9A19103F-16F7-4668-BE54-9A1E7A4F7556}") = "XTMF2.Interfaces", "TMG-Framework\XTMF2\src\XTMF2.Interfaces\XTMF2.Interfaces.csproj", "{293153B9-47EC-4BB2-8E2C-562E44449D08}"
EndProject
Project("{9A19103F-16F7-4668-BE54-9A1E7A4F7556}") = "XTMF2.Run", "TMG-Framework\XTMF2\src\XTMF2.Run\XTMF2.Run.csproj", "{5CA7C39E-5AC1-426B-9C25-AAB5594ABE99}"
EndProject
Project("{9A19103F-16F7-4668-BE54-9A1E7A4F7556}") = "TMG-Framework", "TMG-Framework\TMG-Framework\src\TMG-Framework\TMG-Framework.csproj", "{F98E75A2-4723-406C-8CCA-2036000DE802}"
EndProject
Global
	GlobalSection(SolutionConfigurationPlatforms) = preSolution
		Debug|Any CPU = Debug|Any CPU
		Release|Any CPU = Release|Any CPU
	EndGlobalSection
	GlobalSection(ProjectConfigurationPlatforms) = postSolution
		{AC12FD08-798B-4EDD-B0A2-43B5F56460CD}.Debug|Any CPU.ActiveCfg = Debug|Any CPU
		{AC12FD08-798B-4EDD-B0A2-43B5F56460CD}.Debug|Any CPU.Build.0 = Debug|Any CPU
		{AC12FD08-798B-4EDD-B0A2-43B5F56460CD}.Release|Any CPU.ActiveCfg = Release|Any CPU
		{AC12FD08-798B-4EDD-B0A2-43B5F56460CD}.Release|Any CPU.Build.0 = Release|Any CPU
		{A16C3E55-BCC8-4106-91A9-ADF476815865}.Debug|Any CPU.ActiveCfg = Debug|Any CPU
		{A16C3E55-BCC8-4106-91A9-ADF476815865}.Debug|Any CPU.Build.0 = Debug|Any CPU
		{A16C3E55-BCC8-4106-91A9-ADF476815865}.Release|Any CPU.ActiveCfg = Release|Any CPU
		{A16C3E55-BCC8-4106-91A9-ADF476815865}.Release|Any CPU.Build.0 = Release|Any CPU
		{CD4DD7EE-821C-4C9D-A5BF-26D98F3E044F}.Debug|Any CPU.ActiveCfg = Debug|Any CPU
		{CD4DD7EE-821C-4C9D-A5BF-26D98F3E044F}.Debug|Any CPU.Build.0 = Debug|Any CPU
		{CD4DD7EE-821C-4C9D-A5BF-26D98F3E044F}.Release|Any CPU.ActiveCfg = Release|Any CPU
		{CD4DD7EE-821C-4C9D-A5BF-26D98F3E044F}.Release|Any CPU.Build.0 = Release|Any CPU
		{293153B9-47EC-4BB2-8E2C-562E44449D08}.Debug|Any CPU.ActiveCfg = Debug|Any CPU
		{293153B9-47EC-4BB2-8E2C-562E44449D08}.Debug|Any CPU.Build.0 = Debug|Any CPU
		{293153B9-47EC-4BB2-8E2C-562E44449D08}.Release|Any CPU.ActiveCfg = Release|Any CPU
		{293153B9-47EC-4BB2-8E2C-562E44449D08}.Release|Any CPU.Build.0 = Release|Any CPU
		{5CA7C39E-5AC1-426B-9C25-AAB5594ABE99}.Debug|Any CPU.ActiveCfg = Debug|Any CPU
		{5CA7C39E-5AC1-426B-9C25-AAB5594ABE99}.Debug|Any CPU.Build.0 = Debug|Any CPU
		{5CA7C39E-5AC1-426B-9C25-AAB5594ABE99}.Release|Any CPU.ActiveCfg = Release|Any CPU
		{5CA7C39E-5AC1-426B-9C25-AAB5594ABE99}.Release|Any CPU.Build.0 = Release|Any CPU
		{F98E75A2-4723-406C-8CCA-2036000DE802}.Debug|Any CPU.ActiveCfg = Debug|Any CPU
		{F98E75A2-4723-406C-8CCA-2036000DE802}.Debug|Any CPU.Build.0 = Debug|Any CPU
		{F98E75A2-4723-406C-8CCA-2036000DE802}.Release|Any CPU.ActiveCfg = Release|Any CPU
		{F98E75A2-4723-406C-8CCA-2036000DE802}.Release|Any CPU.Build.0 = Release|Any CPU
	EndGlobalSection
	GlobalSection(SolutionProperties) = preSolution
		HideSolutionNode = FALSE
	EndGlobalSection
	GlobalSection(NestedProjects) = preSolution
		{CD4DD7EE-821C-4C9D-A5BF-26D98F3E044F} = {FCEE33D4-4390-444A-9972-FAA78B9177C4}
		{293153B9-47EC-4BB2-8E2C-562E44449D08} = {FCEE33D4-4390-444A-9972-FAA78B9177C4}
		{5CA7C39E-5AC1-426B-9C25-AAB5594ABE99} = {FCEE33D4-4390-444A-9972-FAA78B9177C4}
		{F98E75A2-4723-406C-8CCA-2036000DE802} = {FCEE33D4-4390-444A-9972-FAA78B9177C4}
	EndGlobalSection
	GlobalSection(ExtensibilityGlobals) = postSolution
		SolutionGuid = {63146D38-480B-4D13-8FE1-33F2F371E88C}
	EndGlobalSection
EndGlobal
